
Microsoft Visual Studio Solution File, Format Version 12.00
# Visual Studio Version 17
VisualStudioVersion = 17.5.002.0
MinimumVisualStudioVersion = 10.0.40219.1
Project("{9A19103F-16F7-4668-BE54-9A1E7A4F7556}") = "OpenSpritpreise", "OpenSpritpreise.csproj", "{80B77DFF-8A53-46B2-9E92-CC09354B9BCB}"
EndProject
Global
	GlobalSection(SolutionConfigurationPlatforms) = preSolution
		Debug|Any CPU = Debug|Any CPU
		Release|Any CPU = Release|Any CPU
	EndGlobalSection
	GlobalSection(ProjectConfigurationPlatforms) = postSolution
		{80B77DFF-8A53-46B2-9E92-CC09354B9BCB}.Debug|Any CPU.ActiveCfg = Debug|Any CPU
		{80B77DFF-8A53-46B2-9E92-CC09354B9BCB}.Debug|Any CPU.Build.0 = Debug|Any CPU
		{80B77DFF-8A53-46B2-9E92-CC09354B9BCB}.Release|Any CPU.ActiveCfg = Release|Any CPU
		{80B77DFF-8A53-46B2-9E92-CC09354B9BCB}.Release|Any CPU.Build.0 = Release|Any CPU
	EndGlobalSection
	GlobalSection(SolutionProperties) = preSolution
		HideSolutionNode = FALSE
	EndGlobalSection
	GlobalSection(ExtensibilityGlobals) = postSolution
		SolutionGuid = {CB02804C-403F-43AE-9CE5-AB594BF35797}
	EndGlobalSection
EndGlobal
