
Microsoft Visual Studio Solution File, Format Version 12.00
# Visual Studio Version 17
VisualStudioVersion = 17.5.002.0
MinimumVisualStudioVersion = 10.0.40219.1
Project("{9A19103F-16F7-4668-BE54-9A1E7A4F7556}") = "GasPrices.Desktop", "GasPrices.Desktop.csproj", "{C681BFD4-EC04-4429-9C57-C22F25FE605B}"
EndProject
Global
	GlobalSection(SolutionConfigurationPlatforms) = preSolution
		Debug|Any CPU = Debug|Any CPU
		Release|Any CPU = Release|Any CPU
	EndGlobalSection
	GlobalSection(ProjectConfigurationPlatforms) = postSolution
		{C681BFD4-EC04-4429-9C57-C22F25FE605B}.Debug|Any CPU.ActiveCfg = Debug|Any CPU
		{C681BFD4-EC04-4429-9C57-C22F25FE605B}.Debug|Any CPU.Build.0 = Debug|Any CPU
		{C681BFD4-EC04-4429-9C57-C22F25FE605B}.Release|Any CPU.ActiveCfg = Release|Any CPU
		{C681BFD4-EC04-4429-9C57-C22F25FE605B}.Release|Any CPU.Build.0 = Release|Any CPU
	EndGlobalSection
	GlobalSection(SolutionProperties) = preSolution
		HideSolutionNode = FALSE
	EndGlobalSection
	GlobalSection(ExtensibilityGlobals) = postSolution
		SolutionGuid = {53DE7D29-5AB3-4913-A304-D33ADFA71242}
	EndGlobalSection
EndGlobal
